
Microsoft Visual Studio Solution File, Format Version 12.00
# Visual Studio 15
VisualStudioVersion = 15.0.28307.421
MinimumVisualStudioVersion = 10.0.40219.1
Project("{FAE04EC0-301F-11D3-BF4B-00C04F79EFBC}") = "Fintex", "Fintex\Fintex.csproj", "{5F4C194E-0380-42FE-84A7-CC24DF724C85}"
EndProject
Global
	GlobalSection(SolutionConfigurationPlatforms) = preSolution
		Debug|Any CPU = Debug|Any CPU
		Release|Any CPU = Release|Any CPU
	EndGlobalSection
	GlobalSection(ProjectConfigurationPlatforms) = postSolution
		{5F4C194E-0380-42FE-84A7-CC24DF724C85}.Debug|Any CPU.ActiveCfg = Debug|Any CPU
		{5F4C194E-0380-42FE-84A7-CC24DF724C85}.Debug|Any CPU.Build.0 = Debug|Any CPU
		{5F4C194E-0380-42FE-84A7-CC24DF724C85}.Release|Any CPU.ActiveCfg = Release|Any CPU
		{5F4C194E-0380-42FE-84A7-CC24DF724C85}.Release|Any CPU.Build.0 = Release|Any CPU
	EndGlobalSection
	GlobalSection(SolutionProperties) = preSolution
		HideSolutionNode = FALSE
	EndGlobalSection
	GlobalSection(ExtensibilityGlobals) = postSolution
		SolutionGuid = {976FD6EE-50D6-49C5-B0A4-8F1A1820A55A}
	EndGlobalSection
EndGlobal
